hash: 71604f5ca436f7347ddcf13f5b3e0e9a0deb3af0aa34a69c9d4c988aeb4f4174
updated: 2016-11-18T23:02:04.81118595-08:00
imports:
- name: github.com/inconshreveable/mousetrap
  version: 76626ae9c91c4f2a10f34cad8ce83ea42c93bb75
- name: github.com/Sirupsen/logrus
  version: d26492970760ca5d33129d2d799e34be5c4782eb
  vcs: git
- name: github.com/spf13/cobra
  version: 856b96dcb49d6427babe192998a35190a12c2230
  vcs: git
- name: github.com/spf13/pflag
  version: 367864438f1b1a3c7db4da06a2f55b144e6784e0
- name: github.com/spf13/viper
  version: 50515b700e02658272117a72bd641b6b7f1222e5
  vcs: git
- name: github.com/stretchr/testify
  version: 976c720a22c8eb4eb6a0b4348ad85ad12491a506
  vcs: git
  subpackages:
  - assert
  - require
  - suite
- name: golang.org/x/sys
  version: a408501be4d17ee978c04a618e7a1b22af058c0e
  subpackages:
  - unix
testImports:
- name: github.com/davecgh/go-spew
  version: 6d212800a42e8ab5c146b8ace3490ee17e5225f9
  subpackages:
  - spew
- name: github.com/pmezard/go-difflib
  version: d8ed2627bdf02c080bf22230dbb337003b7aba2d
  subpackages:
  - difflib
