# This file is autogenerated, do not edit; changes may be undone by the next 'dep ensure'.


[[projects]]
  branch = "master"
  name = "github.com/at15/go.ice"
  packages = [
    "ice/cli",
    "ice/util/logutil"
  ]
  revision = "1eae51f02b6b9b0e8adf781c6dc570458c18db77"

[[projects]]
  branch = "master"
  name = "github.com/dyweb/gommon"
  packages = [
    "cast",
    "config",
    "errors",
    "log",
    "log/handlers/cli",
    "requests",
    "structure",
    "util",
    "util/color",
    "util/hashutil",
    "util/logutil",
    "util/runtimeutil"
  ]
  revision = "ae7701f9d583472626a924dd9ce761157fc7ee05"

[[projects]]
  name = "github.com/gogo/protobuf"
  packages = [
    "gogoproto",
    "proto",
    "protoc-gen-gogo/descriptor"
  ]
  revision = "1adfc126b41513cc696b209667c8656ea7aac67c"
  version = "v1.0.0"

[[projects]]
  name = "github.com/inconshreveable/mousetrap"
  packages = ["."]
  revision = "76626ae9c91c4f2a10f34cad8ce83ea42c93bb75"
  version = "v1.0"

[[projects]]
  branch = "master"
  name = "github.com/libtsdb/libtsdb-go"
  packages = [
    "libtsdb",
    "libtsdb/client/akumuliw",
    "libtsdb/client/genericw",
    "libtsdb/client/graphitew",
    "libtsdb/client/influxdbw",
    "libtsdb/client/kairosdbw",
    "libtsdb/common",
    "libtsdb/common/akumuli",
    "libtsdb/common/graphite",
    "libtsdb/common/influxdb",
    "libtsdb/common/kairosdb",
    "libtsdb/config",
    "libtsdb/libtsdbpb",
    "libtsdb/util/bytesutil",
    "libtsdb/util/logutil"
  ]
  revision = "b8eb5a7ca131790c2246d985c8f843f76f83b85c"

[[projects]]
  name = "github.com/spf13/cobra"
  packages = ["."]
  revision = "7b2c5ac9fc04fc5efafb60700713d4fa609b777b"
  version = "v0.0.1"

[[projects]]
  name = "github.com/spf13/pflag"
  packages = ["."]
  revision = "e57e3eeb33f795204c1ca35f56c44f83227c6e66"
  version = "v1.0.0"

[[projects]]
  branch = "master"
  name = "golang.org/x/net"
  packages = ["proxy"]
  revision = "24dd3780ca4f75fed9f321890729414a4b5d3f13"

[[projects]]
  name = "gopkg.in/yaml.v2"
  packages = ["."]
  revision = "7f97868eec74b32b0982dd158a51a446d1da7eb5"
  version = "v2.1.1"

[solve-meta]
  analyzer-name = "dep"
  analyzer-version = 1
  inputs-digest = "5c940ed0dc8a22730cf28d94a7f00ff21413b72d6711abc2bcefa72f77faaf84"
  solver-name = "gps-cdcl"
  solver-version = 1
