# This file is autogenerated, do not edit; changes may be undone by the next 'dep ensure'.


[[projects]]
  branch = "master"
  name = "github.com/at15/go.ice"
  packages = [
    "ice/cli",
    "ice/util/logutil"
  ]
  revision = "deec51d9e614a851687494040cd33f77b91d07e8"

[[projects]]
  branch = "master"
  name = "github.com/dyweb/gommon"
  packages = [
    "cast",
    "config",
    "errors",
    "log",
    "log/handlers/cli",
    "requests",
    "structure",
    "util",
    "util/color",
    "util/hashutil",
    "util/logutil",
    "util/runtimeutil"
  ]
  revision = "719ff88d7f9e380efa99a722e9f7d060b438377d"

[[projects]]
  name = "github.com/gogo/protobuf"
  packages = [
    "gogoproto",
    "proto",
    "protoc-gen-gogo/descriptor"
  ]
  revision = "1adfc126b41513cc696b209667c8656ea7aac67c"
  version = "v1.0.0"

[[projects]]
  name = "github.com/inconshreveable/mousetrap"
  packages = ["."]
  revision = "76626ae9c91c4f2a10f34cad8ce83ea42c93bb75"
  version = "v1.0"

[[projects]]
  branch = "master"
  name = "github.com/libtsdb/libtsdb-go"
  packages = [
    "libtsdb",
    "libtsdb/client/genericw",
    "libtsdb/client/graphitew",
    "libtsdb/client/influxdbw",
    "libtsdb/client/kairosdbw",
    "libtsdb/common",
    "libtsdb/common/graphite",
    "libtsdb/common/influxdb",
    "libtsdb/common/kairosdb",
    "libtsdb/config",
    "libtsdb/libtsdbpb",
    "libtsdb/util/bytesutil",
    "libtsdb/util/logutil"
  ]
  revision = "09a33bbdf741912ed5c1bacf2e6e88b3830cac42"

[[projects]]
  name = "github.com/spf13/cobra"
  packages = ["."]
  revision = "7b2c5ac9fc04fc5efafb60700713d4fa609b777b"
  version = "v0.0.1"

[[projects]]
  name = "github.com/spf13/pflag"
  packages = ["."]
  revision = "e57e3eeb33f795204c1ca35f56c44f83227c6e66"
  version = "v1.0.0"

[[projects]]
  branch = "master"
  name = "golang.org/x/net"
  packages = ["proxy"]
  revision = "22ae77b79946ea320088417e4d50825671d82d57"

[[projects]]
  name = "gopkg.in/yaml.v2"
  packages = ["."]
  revision = "7f97868eec74b32b0982dd158a51a446d1da7eb5"
  version = "v2.1.1"

[solve-meta]
  analyzer-name = "dep"
  analyzer-version = 1
  inputs-digest = "c59b0f460eb8ce3a8396885f6ba20893d66028c5a66dadad1f9e7994df9688f5"
  solver-name = "gps-cdcl"
  solver-version = 1
